# generated by rye
# use `rye lock` or `rye sync` to update this lockfile
#
# last locked with the following flags:
#   pre: false
#   features: []
#   all-features: false
#   with-sources: false
#   generate-hashes: false
#   universal: false

-e file:.
attrs==24.2.0
    # via hypothesis
hypothesis==6.118.7
iniconfig==2.0.0
    # via pytest
jax==0.4.35
    # via infnum
jaxlib==0.4.35
    # via infnum
    # via jax
jaxtyping==0.2.34
    # via infnum
jedi==0.19.2
    # via pudb
ml-dtypes==0.5.0
    # via jax
    # via jaxlib
numpy==2.1.3
    # via jax
    # via jaxlib
    # via ml-dtypes
    # via scipy
opt-einsum==3.4.0
    # via jax
packaging==24.2
    # via pudb
    # via pytest
parso==0.8.4
    # via jedi
pluggy==1.5.0
    # via pytest
pudb==2024.1.3
pygments==2.18.0
    # via pudb
pytest==8.3.3
scipy==1.14.1
    # via jax
    # via jaxlib
sortedcontainers==2.4.0
    # via hypothesis
typeguard==2.13.3
    # via jaxtyping
typing-extensions==4.12.2
    # via urwid
urwid==2.6.16
    # via pudb
    # via urwid-readline
urwid-readline==0.15.1
    # via pudb
wcwidth==0.2.13
    # via urwid
